
Microsoft Visual Studio Solution File, Format Version 12.00
# Visual Studio Version 17
VisualStudioVersion = 17.5.33627.172
MinimumVisualStudioVersion = 10.0.40219.1
Project("{FAE04EC0-301F-11D3-BF4B-00C04F79EFBC}") = "Buyurtma_ilovasi_2", "Buyurtma_ilovasi_2\Buyurtma_ilovasi_2.csproj", "{25ED2669-6428-46B5-A916-E67680AD06CE}"
EndProject
Global
	GlobalSection(SolutionConfigurationPlatforms) = preSolution
		Debug|Any CPU = Debug|Any CPU
		Release|Any CPU = Release|Any CPU
	EndGlobalSection
	GlobalSection(ProjectConfigurationPlatforms) = postSolution
		{25ED2669-6428-46B5-A916-E67680AD06CE}.Debug|Any CPU.ActiveCfg = Debug|Any CPU
		{25ED2669-6428-46B5-A916-E67680AD06CE}.Debug|Any CPU.Build.0 = Debug|Any CPU
		{25ED2669-6428-46B5-A916-E67680AD06CE}.Release|Any CPU.ActiveCfg = Release|Any CPU
		{25ED2669-6428-46B5-A916-E67680AD06CE}.Release|Any CPU.Build.0 = Release|Any CPU
	EndGlobalSection
	GlobalSection(SolutionProperties) = preSolution
		HideSolutionNode = FALSE
	EndGlobalSection
	GlobalSection(ExtensibilityGlobals) = postSolution
		SolutionGuid = {83AC034F-C2D2-49C7-B345-0F0457D4E1A9}
	EndGlobalSection
EndGlobal
